
Microsoft Visual Studio Solution File, Format Version 12.00
# Visual Studio 15
VisualStudioVersion = 15.0.26228.4
MinimumVisualStudioVersion = 10.0.40219.1
Project("{FAE04EC0-301F-11D3-BF4B-00C04F79EFBC}") = "FatCat.Fakes", "FatCat.Fakes\FatCat.Fakes.csproj", "{BB0EFFA9-5BD7-4DE1-A7C7-7266583913D4}"
EndProject
Project("{FAE04EC0-301F-11D3-BF4B-00C04F79EFBC}") = "FatCat.Fakes.Tests", "FatCat.Fakes.Tests\FatCat.Fakes.Tests.csproj", "{90ED7DA5-AEBB-418C-B4B9-198F758CD625}"
EndProject
Project("{FAE04EC0-301F-11D3-BF4B-00C04F79EFBC}") = "OneOff", "OneOff\OneOff.csproj", "{6430C0A2-9CC3-45CB-BCD6-FAE239B1302A}"
EndProject
Global
	GlobalSection(SolutionConfigurationPlatforms) = preSolution
		Debug|Any CPU = Debug|Any CPU
		Release|Any CPU = Release|Any CPU
	EndGlobalSection
	GlobalSection(ProjectConfigurationPlatforms) = postSolution
		{BB0EFFA9-5BD7-4DE1-A7C7-7266583913D4}.Debug|Any CPU.ActiveCfg = Debug|Any CPU
		{BB0EFFA9-5BD7-4DE1-A7C7-7266583913D4}.Debug|Any CPU.Build.0 = Debug|Any CPU
		{BB0EFFA9-5BD7-4DE1-A7C7-7266583913D4}.Release|Any CPU.ActiveCfg = Release|Any CPU
		{BB0EFFA9-5BD7-4DE1-A7C7-7266583913D4}.Release|Any CPU.Build.0 = Release|Any CPU
		{90ED7DA5-AEBB-418C-B4B9-198F758CD625}.Debug|Any CPU.ActiveCfg = Debug|Any CPU
		{90ED7DA5-AEBB-418C-B4B9-198F758CD625}.Debug|Any CPU.Build.0 = Debug|Any CPU
		{90ED7DA5-AEBB-418C-B4B9-198F758CD625}.Release|Any CPU.ActiveCfg = Release|Any CPU
		{90ED7DA5-AEBB-418C-B4B9-198F758CD625}.Release|Any CPU.Build.0 = Release|Any CPU
		{6430C0A2-9CC3-45CB-BCD6-FAE239B1302A}.Debug|Any CPU.ActiveCfg = Debug|Any CPU
		{6430C0A2-9CC3-45CB-BCD6-FAE239B1302A}.Debug|Any CPU.Build.0 = Debug|Any CPU
		{6430C0A2-9CC3-45CB-BCD6-FAE239B1302A}.Release|Any CPU.ActiveCfg = Release|Any CPU
		{6430C0A2-9CC3-45CB-BCD6-FAE239B1302A}.Release|Any CPU.Build.0 = Release|Any CPU
	EndGlobalSection
	GlobalSection(SolutionProperties) = preSolution
		HideSolutionNode = FALSE
	EndGlobalSection
	GlobalSection(ExtensibilityGlobals) = postSolution
		SolutionGuid = {A00114B1-F06B-4D0A-BC3B-0012EDBF547B}
	EndGlobalSection
EndGlobal
